
Microsoft Visual Studio Solution File, Format Version 12.00
# Visual Studio Version 17
VisualStudioVersion = 17.3.32825.248
MinimumVisualStudioVersion = 10.0.40219.1
Project("{FAE04EC0-301F-11D3-BF4B-00C04F79EFBC}") = "lab3_z2", "lab3_z2.csproj", "{6488350C-5A0C-411F-90CF-1DBBCAEE2D09}"
EndProject
Global
	GlobalSection(SolutionConfigurationPlatforms) = preSolution
		Debug|Any CPU = Debug|Any CPU
		Release|Any CPU = Release|Any CPU
	EndGlobalSection
	GlobalSection(ProjectConfigurationPlatforms) = postSolution
		{6488350C-5A0C-411F-90CF-1DBBCAEE2D09}.Debug|Any CPU.ActiveCfg = Debug|Any CPU
		{6488350C-5A0C-411F-90CF-1DBBCAEE2D09}.Debug|Any CPU.Build.0 = Debug|Any CPU
		{6488350C-5A0C-411F-90CF-1DBBCAEE2D09}.Release|Any CPU.ActiveCfg = Release|Any CPU
		{6488350C-5A0C-411F-90CF-1DBBCAEE2D09}.Release|Any CPU.Build.0 = Release|Any CPU
	EndGlobalSection
	GlobalSection(SolutionProperties) = preSolution
		HideSolutionNode = FALSE
	EndGlobalSection
	GlobalSection(ExtensibilityGlobals) = postSolution
		SolutionGuid = {41ED2F76-8E41-4917-9083-32995AD14517}
	EndGlobalSection
EndGlobal
